
Microsoft Visual Studio Solution File, Format Version 12.00
Project("{FAE04EC0-301F-11D3-BF4B-00C04F79EFBC}") = "ExponentcialCipher", "ExponentcialCipher\ExponentcialCipher.csproj", "{95DC26AA-C975-4C4D-B62F-CA949C5D4C80}"
EndProject
Project("{FAE04EC0-301F-11D3-BF4B-00C04F79EFBC}") = "ExtendedEuclideanAlgorithmTest", "ExtendedEuclideanAlgorithmTest\ExtendedEuclideanAlgorithmTest.csproj", "{1EB0CC68-134F-4C87-AE4E-8B83A0D73829}"
EndProject
Global
	GlobalSection(SolutionConfigurationPlatforms) = preSolution
		Debug|Any CPU = Debug|Any CPU
		Release|Any CPU = Release|Any CPU
	EndGlobalSection
	GlobalSection(ProjectConfigurationPlatforms) = postSolution
		{95DC26AA-C975-4C4D-B62F-CA949C5D4C80}.Debug|Any CPU.ActiveCfg = Debug|Any CPU
		{95DC26AA-C975-4C4D-B62F-CA949C5D4C80}.Debug|Any CPU.Build.0 = Debug|Any CPU
		{95DC26AA-C975-4C4D-B62F-CA949C5D4C80}.Release|Any CPU.ActiveCfg = Release|Any CPU
		{95DC26AA-C975-4C4D-B62F-CA949C5D4C80}.Release|Any CPU.Build.0 = Release|Any CPU
		{1EB0CC68-134F-4C87-AE4E-8B83A0D73829}.Debug|Any CPU.ActiveCfg = Debug|Any CPU
		{1EB0CC68-134F-4C87-AE4E-8B83A0D73829}.Debug|Any CPU.Build.0 = Debug|Any CPU
		{1EB0CC68-134F-4C87-AE4E-8B83A0D73829}.Release|Any CPU.ActiveCfg = Release|Any CPU
		{1EB0CC68-134F-4C87-AE4E-8B83A0D73829}.Release|Any CPU.Build.0 = Release|Any CPU
	EndGlobalSection
EndGlobal
